%{"bamboo": {:hex, :bamboo, "0.7.0", "2722e395a396dfedc12d300c900f65b216f7d7bf9d430c5dd0235690997878b7", [:mix], [{:httpoison, "~> 0.9", [hex: :httpoison, optional: false]}, {:plug, "~> 1.0", [hex: :plug, optional: false]}, {:poison, ">= 1.5.0", [hex: :poison, optional: false]}]},
  "basho_stats": {:hex, :basho_stats, "1.0.3", "7e1174151509c64fcc1934120ed32295e14f84daae7f84926ba2c8d3700d146c", [:rebar3], []},
  "bbmustache": {:hex, :bbmustache, "1.0.4", "7ba94f971c5afd7b6617918a4bb74705e36cab36eb84b19b6a1b7ee06427aa38", [:rebar], []},
  "bear": {:hex, :bear, "0.8.3", "866002127a97932720a0d475d8582c98ec5fb78db3a18dfe7eaf91594d9024b8", [:rebar3], []},
  "blume": {:hex, :blume, "0.1.0", "62dda46b43e24d4b8d5407b8f6ddb78ebd2a8cdc84d9bc822cddaef6f402f3eb", [:rebar3], []},
  "certifi": {:hex, :certifi, "0.7.0", "861a57f3808f7eb0c2d1802afeaae0fa5de813b0df0979153cbafcd853ababaf", [:rebar3], []},
  "cf": {:hex, :cf, "0.2.2", "7f2913fff90abcabd0f489896cfeb0b0674f6c8df6c10b17a83175448029896c", [:rebar3], []},
  "chash": {:hex, :chash, "0.1.2", "af02484f2640c653c4b9a8557a14ca0704989dbedb27e7ccbc442f1903a3bca7", [:rebar3], []},
  "clique": {:hex, :clique, "0.3.6", "1a7eb99df038cc3c76686a67ca41d0f5f6a2f0f5d9863fe091eb8c35600ef80f", [:rebar3], [{:cuttlefish, "~>2.0.8", [hex: :cuttlefish, optional: false]}]},
  "combine": {:hex, :combine, "0.9.3", "192e609b48b3f2210494e26f85db1712657be1a8f15795656710317ea43fc449", [:mix], []},
  "con_cache": {:hex, :con_cache, "0.11.1", "acbe5a1d10c47faba30d9629c9121e1ef9bca0aa5eddbb86f4e777bd9f9f9b6f", [], [{:exactor, "~> 2.2.0", [hex: :exactor, optional: false]}]},
  "cuttlefish": {:hex, :cuttlefish, "2.0.8", "8b2af27ef8540fcf23cfb6c037318e5c4ebb8d12a1e44f9f932b875b14005c28", [:rebar3], [{:getopt, "0.8.2", [hex: :getopt, optional: false]}, {:lager, "3.2.1", [hex: :lager, optional: false]}]},
  "dexy_lib": {:hex, :dexy_lib, "0.1.1", "4111d93f1e4bea24c2e910a4acc08151e1e85cf6fb4f2f36b305400c60def1fc", [:mix], [{:timex, "~> 3.0", [hex: :timex, optional: false]}]},
  "dexy_plugin_crypto": {:git, "https://github.com/dexyio/dexy_plugin_crypto.git", "119d2e2253792c30d1c69e8ab157b8f7a4a924ea", []},
  "earmark": {:hex, :earmark, "1.0.3", "89bdbaf2aca8bbb5c97d8b3b55c5dd0cff517ecc78d417e87f1d0982e514557b", [:mix], []},
  "edown": {:hex, :edown, "0.8.1", "7333b6f6b7bbc736c263e9ceb8261667d7c8f7d92e251829f1a9fe8f24e7b694", [:rebar3], []},
  "eflame": {:git, "https://github.com/proger/eflame.git", "55f594153d03f41d8dbd6b6da7c784f93fa81345", []},
  "eleveldb": {:hex, :eleveldb, "2.2.19", "81339beb68da0a5cdff8662d5f4e8089b83530a7b8238d3f63b734a4d4c8040d", [:rebar3], []},
  "elixir_v8": {:git, "https://github.com/le0pard/elixir_v8.git", "7b5f980657fb6de9446a3c86b7bad2a4f3adf22c", []},
  "erlang_js": {:git, "https://github.com/basho/erlang_js.git", "d3881e8141540058ca80011eacecd76c5dbd42df", [branch: "develop"]},
  "erlang_v8": {:git, "https://github.com/strange/erlang_v8.git", "00be4b286bd0554fa21134291566040e5947598d", []},
  "erlsom": {:hex, :erlsom, "1.4.1", "53dbacf35adfea6f0714fd0e4a7b0720d495e88c5e24e12c5dc88c7b62bd3e49", [], []},
  "erlware_commons": {:hex, :erlware_commons, "0.22.0", "051bed79a34e66678c1cbeebc7b66360c827d081a0c5e2528878011e31ddcdca", [:rebar3], [{:cf, "0.2.2", [hex: :cf, optional: false]}]},
  "erocksdb": {:hex, :erocksdb, "0.4.1", "59a3258b1460d0e64f7575d912d9af86fa5aa56729abff18e4d3e4fd4a5e01e0", [:rebar3], []},
  "ex_doc": {:hex, :ex_doc, "0.14.5", "c0433c8117e948404d93ca69411dd575ec6be39b47802e81ca8d91017a0cf83c", [:mix], [{:earmark, "~> 1.0", [hex: :earmark, optional: false]}]},
  "exactor": {:hex, :exactor, "2.2.2", "90b27d72c05614801a60f8400afd4e4346dfc33ea9beffe3b98a794891d2ff96", [], []},
  "execjs": {:hex, :execjs, "1.1.3", "452e5f3ed0c13ecd4334f66535c2209f27f2e96b78933a3ef74ec73193a59cf3", [:mix], [{:poison, "~> 1.5", [hex: :poison, optional: false]}]},
  "exjsx": {:hex, :exjsx, "3.2.1", "1bc5bf1e4fd249104178f0885030bcd75a4526f4d2a1e976f4b428d347614f0f", [:mix], [{:jsx, "~> 2.8.0", [hex: :jsx, optional: false]}]},
  "exometer_core": {:hex, :basho_exometer_core, "1.0.2", "dc4bc9b0b47edee0c053b16ac5b9c692e662c7e1513ffc96f4d928bc3328d65f", [:rebar3], [{:folsom, "~>0.8.3", [hex: :folsom, optional: false]}, {:lager, "~>3.2.0", [hex: :lager, optional: false]}, {:parse_trans, "~>2.9.0", [hex: :parse_trans, optional: false]}, {:setup, "~>1.7.0", [hex: :setup, optional: false]}]},
  "exprintf": {:hex, :exprintf, "0.2.0", "6c97364c75ddb848d0d6142ea3d882567369fc60f0b88a009f41470cab068a56", [:mix], []},
  "exrm": {:hex, :exrm, "1.0.8", "5aa8990cdfe300282828b02cefdc339e235f7916388ce99f9a1f926a9271a45d", [], [{:relx, "~> 3.5", [hex: :relx, optional: false]}]},
  "folsom": {:hex, :folsom, "0.8.3", "71cff146152fa95e6092e62119f9dc96888660111e7b61853c8fdcf80598a4e0", [:rebar3], [{:bear, "0.8.3", [hex: :bear, optional: false]}]},
  "getopt": {:hex, :getopt, "0.8.2", "b17556db683000ba50370b16c0619df1337e7af7ecbf7d64fbf8d1d6bce3109b", [:rebar], []},
  "gettext": {:hex, :gettext, "0.13.0", "daafbddc5cda12738bb93b01d84105fe75b916a302f1c50ab9fb066b95ec9db4", [:mix], []},
  "goldrush": {:hex, :goldrush, "0.1.8", "2024ba375ceea47e27ea70e14d2c483b2d8610101b4e852ef7f89163cdb6e649", [:rebar3], []},
  "gproc": {:hex, :gproc, "0.6.1", "4579663e5677970758a05d8f65d13c3e9814ec707ad51d8dcef7294eda1a730c", [:rebar3], []},
  "hackney": {:hex, :hackney, "1.6.3", "d489d7ca2d4323e307bedc4bfe684323a7bf773ecfd77938f3ee8074e488e140", [:mix, :rebar3], [{:certifi, "0.7.0", [hex: :certifi, optional: false]}, {:idna, "1.2.0", [hex: :idna, optional: false]}, {:metrics, "1.0.1", [hex: :metrics, optional: false]}, {:mimerl, "1.0.2", [hex: :mimerl, optional: false]}, {:ssl_verify_fun, "1.1.1", [hex: :ssl_verify_fun, optional: false]}]},
  "hamcrest": {:hex, :hamcrest, "0.1.2", "2f06fad05983ce98a7832c4a7a508aab935b68865fdf607d30a030c129ec1365", [], []},
  "httpoison": {:hex, :httpoison, "0.10.0", "4727b3a5e57e9a4ff168a3c2883e20f1208103a41bccc4754f15a9366f49b676", [:mix], [{:hackney, "~> 1.6.3", [hex: :hackney, optional: false]}]},
  "idna": {:hex, :idna, "1.2.0", "ac62ee99da068f43c50dc69acf700e03a62a348360126260e87f2b54eced86b2", [:rebar3], []},
  "jobs": {:git, "git://github.com/uwiger/jobs.git", "68acac0bd771d006c9aeb615dbe1560a63517619", []},
  "jsx": {:hex, :jsx, "2.8.0", "749bec6d205c694ae1786d62cea6cc45a390437e24835fd16d12d74f07097727", [:mix, :rebar], []},
  "lager": {:hex, :lager, "3.2.1", "eef4e18b39e4195d37606d9088ea05bf1b745986cf8ec84f01d332456fe88d17", [:rebar3], [{:goldrush, "0.1.8", [hex: :goldrush, optional: false]}]},
  "matrix": {:hex, :matrix, "0.3.2", "9c826bc3a1117bf5e1c5cdcf3a3d95456c93bc2e127a04e363e9fc90b724f784", [:mix], [{:exprintf, "~> 0.1", [hex: :exprintf, optional: false]}]},
  "meck": {:hex, :meck, "0.8.4", "59ca1cd971372aa223138efcf9b29475bde299e1953046a0c727184790ab1520", [:make, :rebar], []},
  "metrics": {:hex, :metrics, "1.0.1", "25f094dea2cda98213cecc3aeff09e940299d950904393b2a29d191c346a8486", [:rebar3], []},
  "mime": {:hex, :mime, "1.0.1", "05c393850524767d13a53627df71beeebb016205eb43bfbd92d14d24ec7a1b51", [:mix], []},
  "mimerl": {:hex, :mimerl, "1.0.2", "993f9b0e084083405ed8252b99460c4f0563e41729ab42d9074fd5e52439be88", [:rebar3], []},
  "parse_trans": {:hex, :parse_trans, "2.9.0", "3f5f7b402928fb9fd200c891e635de909045d1efac40ce3f924d3892898f85eb", [:rebar], [{:edown, "> 0.0.0", [hex: :edown, optional: false]}]},
  "pbkdf2": {:hex, :pbkdf2, "2.0.0", "11c23279fded5c0027ab3996cfae77805521d7ef4babde2bd7ec04a9086cf499", [:rebar3], []},
  "plug": {:hex, :plug, "1.3.0", "6e2b01afc5db3fd011ca4a16efd9cb424528c157c30a44a0186bcc92c7b2e8f3", [:mix], [{:cowboy, "~> 1.0.1 or ~> 1.1", [hex: :cowboy, optional: true]}, {:mime, "~> 1.0", [hex: :mime, optional: false]}]},
  "poison": {:hex, :poison, "3.0.0", "625ebd64d33ae2e65201c2c14d6c85c27cc8b68f2d0dd37828fde9c6920dd131", [], []},
  "poolboy": {:hex, :basho_poolboy, "0.8.1-p3", "eba815cd24871c37bf0538221d3e12ee14dc015ca5dca74696e579e53f0ff9d5", [:rebar3], []},
  "pooler": {:hex, :pooler, "1.5.0", "0fd4be5d2976e6a2e9a1617623031758c26f200c1fca89e4a3c542747bec6371", [:make, :rebar], []},
  "protobuffs": {:hex, :protobuffs, "0.8.4", "d38ca5f7380d8477c274680273372011890f8d0037c0d7e7db5c0207b89a4e0b", [], [{:meck, "~> 0.8.4", [hex: :meck, optional: false]}]},
  "providers": {:hex, :providers, "1.6.0", "db0e2f9043ae60c0155205fcd238d68516331d0e5146155e33d1e79dc452964a", [:rebar3], [{:getopt, "0.8.2", [hex: :getopt, optional: false]}]},
  "relx": {:hex, :relx, "3.22.0", "ff7e2b5924b754a63ba1a46ba8c1901a2d6ae1418982e189cfed5937dace18da", [:rebar3], [{:bbmustache, "1.0.4", [hex: :bbmustache, optional: false]}, {:cf, "0.2.2", [hex: :cf, optional: false]}, {:erlware_commons, "0.22.0", [hex: :erlware_commons, optional: false]}, {:getopt, "0.8.2", [hex: :getopt, optional: false]}, {:providers, "1.6.0", [hex: :providers, optional: false]}]},
  "riak_core": {:hex, :riak_core_ng, "2.2.8", "06d11e838232641e00ee133fdd534f3a68d0f09f893c1ef8df7d3914ed0f3eaf", [:rebar3], [{:basho_stats, "~>1.0.3", [hex: :basho_stats, optional: false]}, {:blume, "~>0.1.0", [hex: :blume, optional: false]}, {:chash, "~>0.1.1", [hex: :chash, optional: false]}, {:clique, "~>0.3.6", [hex: :clique, optional: false]}, {:cuttlefish, "~>2.0.8", [hex: :cuttlefish, optional: false]}, {:eleveldb, "~>2.2.19", [hex: :eleveldb, optional: false]}, {:exometer_core, "1.0.2", [hex: :basho_exometer_core, optional: false]}, {:folsom, "0.8.3", [hex: :folsom, optional: false]}, {:goldrush, "~>0.1.7", [hex: :goldrush, optional: false]}, {:lager, "~>3.2.0", [hex: :lager, optional: false]}, {:pbkdf2, "~>2.0.0", [hex: :pbkdf2, optional: false]}, {:poolboy, "0.8.1-p3", [hex: :basho_poolboy, optional: false]}, {:riak_ensemble, "2.2.0", [hex: :riak_ensemble_ng, optional: false]}, {:riak_sysmon, "~>2.1.3", [hex: :riak_sysmon, optional: false]}]},
  "riak_ensemble": {:hex, :riak_ensemble_ng, "2.2.0", "2078b8c2d8045b05fded98e17f2571257f8fb2059c1b9a05c2ea6aff4d898ad5", [:rebar3], [{:eleveldb, "2.2.19", [hex: :eleveldb, optional: false]}, {:lager, "3.2.1", [hex: :lager, optional: false]}]},
  "riak_pb": {:hex, :riak_pb, "2.1.4", "0de76c3b44a950dc9ffe50f45f7b55128bacce12170705c5e364af95b96a33cf", [], [{:hamcrest, "~> 0.1", [hex: :hamcrest, optional: false]}, {:protobuffs, "~> 0.8", [hex: :protobuffs, optional: false]}]},
  "riak_sysmon": {:hex, :riak_sysmon, "2.1.3", "2e81af5763336c0b136d7eceffbec3540db20d54459c9f2ae1275fee4927fb7b", [:rebar3], [{:lager, "~>3.2.0", [hex: :lager, optional: false]}]},
  "riakc": {:hex, :riakc, "2.4.1", "5d2e191ac6597e1a4cfb5628bf78219d126c5ffa42dbb904af622136d8426a32", [], [{:riak_pb, "~> 2.1", [hex: :riak_pb, optional: false]}]},
  "setup": {:hex, :setup, "1.7.0", "15df8e57c6df9755e22bfb1aef0c640bd97e9889396fdfb2a85a5536a9043674", [:rebar3], []},
  "socket": {:hex, :socket, "0.3.5", "6c23772e7eda60f129f36dd69a61930aab18ae9b8d74d7f767c85355cf0b585d", [], []},
  "ssl_verify_fun": {:hex, :ssl_verify_fun, "1.1.1", "28a4d65b7f59893bc2c7de786dec1e1555bd742d336043fe644ae956c3497fbe", [:make, :rebar], []},
  "ssl_verify_hostname": {:hex, :ssl_verify_hostname, "1.0.5"},
  "timex": {:hex, :timex, "3.1.5", "413d6d8d6f0162a5d47080cb8ca520d790184ac43e097c95191c7563bf25b428", [:mix], [{:combine, "~> 0.7", [hex: :combine, optional: false]}, {:gettext, "~> 0.10", [hex: :gettext, optional: false]}, {:tzdata, "~> 0.1.8 or ~> 0.5", [hex: :tzdata, optional: false]}]},
  "tzdata": {:hex, :tzdata, "0.5.9", "575be217b039057a47e133b72838cbe104fb5329b19906ea4e66857001c37edb", [], [{:hackney, "~> 1.0", [hex: :hackney, optional: false]}]}}
